// !$*UTF8*$!
{
	archiveVersion = 1;
	classes = {
	};
	objectVersion = 46;
	objects = {

/* Begin PBXBuildFile section */
		352596461D75953100AD6BBA /* InfeedViewController.m in Sources */ = {isa = PBXBuildFile; fileRef = 352596431D75953100AD6BBA /* InfeedViewController.m */; };
		352CFA531EA7919100187184 /* UINavigationController+Orientation.m in Sources */ = {isa = PBXBuildFile; fileRef = 352CFA521EA7919100187184 /* UINavigationController+Orientation.m */; };
		35366B8A1B4306CF002D32D1 /* main.m in Sources */ = {isa = PBXBuildFile; fileRef = 35366B891B4306CF002D32D1 /* main.m */; };
		35366B8D1B4306CF002D32D1 /* AppDelegate.m in Sources */ = {isa = PBXBuildFile; fileRef = 35366B8C1B4306CF002D32D1 /* AppDelegate.m */; };
		35366B931B4306CF002D32D1 /* Main.storyboard in Resources */ = {isa = PBXBuildFile; fileRef = 35366B911B4306CF002D32D1 /* Main.storyboard */; };
		35366B981B4306CF002D32D1 /* LaunchScreen.xib in Resources */ = {isa = PBXBuildFile; fileRef = 35366B961B4306CF002D32D1 /* LaunchScreen.xib */; };
		35366BD91B430783002D32D1 /* Base.lproj in Resources */ = {isa = PBXBuildFile; fileRef = 35366BC91B430783002D32D1 /* Base.lproj */; };
		3554C4D51D2BB54A00AE6946 /* InFeedTableCell.m in Sources */ = {isa = PBXBuildFile; fileRef = 3554C4D21D2BB54A00AE6946 /* InFeedTableCell.m */; };
		3554C4D61D2BB54A00AE6946 /* SampleData.m in Sources */ = {isa = PBXBuildFile; fileRef = 3554C4D41D2BB54A00AE6946 /* SampleData.m */; };
		3557B30B1BCDADAC005A71B5 /* libsqlite3.0.tbd in Frameworks */ = {isa = PBXBuildFile; fileRef = 3557B30A1BCDADAC005A71B5 /* libsqlite3.0.tbd */; };
		3557B30C1BCDADB9005A71B5 /* libz.tbd in Frameworks */ = {isa = PBXBuildFile; fileRef = 3557B3081BCDAD9D005A71B5 /* libz.tbd */; };
		357DE4161E940E1B00C11035 /* BaseTableViewController.m in Sources */ = {isa = PBXBuildFile; fileRef = 357DE4151E940E1B00C11035 /* BaseTableViewController.m */; };
		357DE41C1E942F1C00C11035 /* SplashViewController.m in Sources */ = {isa = PBXBuildFile; fileRef = 357DE4181E940E6100C11035 /* SplashViewController.m */; };
		35A44B5D1D466D57007889E3 /* Images.xcassets in Resources */ = {isa = PBXBuildFile; fileRef = 35A44B5C1D466D57007889E3 /* Images.xcassets */; };
		35AD4D051EA6966700F2AEB7 /* PrerollViewController.m in Sources */ = {isa = PBXBuildFile; fileRef = 35AD4D041EA6966700F2AEB7 /* PrerollViewController.m */; };
		35B4E79E1D88316E00F27AEF /* AdSupport.framework in Frameworks */ = {isa = PBXBuildFile; fileRef = 3557B30D1BCDADC3005A71B5 /* AdSupport.framework */; };
		35BD7EA61D880C00002BCA2E /* WebKit.framework in Frameworks */ = {isa = PBXBuildFile; fileRef = 35BD7EA51D880C00002BCA2E /* WebKit.framework */; };
		35F42B811E9436EE00865D29 /* InFeedTableCell.xib in Resources */ = {isa = PBXBuildFile; fileRef = 357DE41A1E94108F00C11035 /* InFeedTableCell.xib */; };
		D172C712228D68AB00766736 /* InMobiSDK.framework in Frameworks */ = {isa = PBXBuildFile; fileRef = D172C711228D68AB00766736 /* InMobiSDK.framework */; };
		D177887A1F56609B00A3761A /* BannerViewController.m in Sources */ = {isa = PBXBuildFile; fileRef = D17788791F56609B00A3761A /* BannerViewController.m */; };
		D177887D1F566F6A00A3761A /* InterstitialViewController.m in Sources */ = {isa = PBXBuildFile; fileRef = D177887C1F566F6A00A3761A /* InterstitialViewController.m */; };
		D1AE6E8E224B2D4500B382E3 /* libxml2.tbd in Frameworks */ = {isa = PBXBuildFile; fileRef = D1AE6E8D224B2D4500B382E3 /* libxml2.tbd */; };
/* End PBXBuildFile section */

/* Begin PBXFileReference section */
		352596431D75953100AD6BBA /* InfeedViewController.m */ = {isa = PBXFileReference; fileEncoding = 4; lastKnownFileType = sourcecode.c.objc; path = InfeedViewController.m; sourceTree = "<group>"; };
		352596451D75953100AD6BBA /* InfeedViewController.h */ = {isa = PBXFileReference; fileEncoding = 4; lastKnownFileType = sourcecode.c.h; path = InfeedViewController.h; sourceTree = "<group>"; };
		352CFA511EA7919100187184 /* UINavigationController+Orientation.h */ = {isa = PBXFileReference; fileEncoding = 4; lastKnownFileType = sourcecode.c.h; path = "UINavigationController+Orientation.h"; sourceTree = "<group>"; };
		352CFA521EA7919100187184 /* UINavigationController+Orientation.m */ = {isa = PBXFileReference; fileEncoding = 4; lastKnownFileType = sourcecode.c.objc; path = "UINavigationController+Orientation.m"; sourceTree = "<group>"; };
		35366B881B4306CF002D32D1 /* Info.plist */ = {isa = PBXFileReference; lastKnownFileType = text.plist.xml; path = Info.plist; sourceTree = "<group>"; };
		35366B891B4306CF002D32D1 /* main.m */ = {isa = PBXFileReference; lastKnownFileType = sourcecode.c.objc; path = main.m; sourceTree = "<group>"; };
		35366B8B1B4306CF002D32D1 /* AppDelegate.h */ = {isa = PBXFileReference; lastKnownFileType = sourcecode.c.h; path = AppDelegate.h; sourceTree = "<group>"; };
		35366B8C1B4306CF002D32D1 /* AppDelegate.m */ = {isa = PBXFileReference; lastKnownFileType = sourcecode.c.objc; path = AppDelegate.m; sourceTree = "<group>"; };
		35366B921B4306CF002D32D1 /* Base */ = {isa = PBXFileReference; lastKnownFileType = file.storyboard; name = Base; path = Base.lproj/Main.storyboard; sourceTree = "<group>"; };
		35366B971B4306CF002D32D1 /* Base */ = {isa = PBXFileReference; lastKnownFileType = file.xib; name = Base; path = Base.lproj/LaunchScreen.xib; sourceTree = "<group>"; };
		35366BC91B430783002D32D1 /* Base.lproj */ = {isa = PBXFileReference; lastKnownFileType = folder; path = Base.lproj; sourceTree = "<group>"; };
		3554C4D11D2BB54A00AE6946 /* InFeedTableCell.h */ = {isa = PBXFileReference; fileEncoding = 4; lastKnownFileType = sourcecode.c.h; path = InFeedTableCell.h; sourceTree = "<group>"; };
		3554C4D21D2BB54A00AE6946 /* InFeedTableCell.m */ = {isa = PBXFileReference; fileEncoding = 4; lastKnownFileType = sourcecode.c.objc; path = InFeedTableCell.m; sourceTree = "<group>"; };
		3554C4D31D2BB54A00AE6946 /* SampleData.h */ = {isa = PBXFileReference; fileEncoding = 4; lastKnownFileType = sourcecode.c.h; path = SampleData.h; sourceTree = "<group>"; };
		3554C4D41D2BB54A00AE6946 /* SampleData.m */ = {isa = PBXFileReference; fileEncoding = 4; lastKnownFileType = sourcecode.c.objc; path = SampleData.m; sourceTree = "<group>"; };
		3557B3081BCDAD9D005A71B5 /* libz.tbd */ = {isa = PBXFileReference; lastKnownFileType = "sourcecode.text-based-dylib-definition"; name = libz.tbd; path = usr/lib/libz.tbd; sourceTree = SDKROOT; };
		3557B30A1BCDADAC005A71B5 /* libsqlite3.0.tbd */ = {isa = PBXFileReference; lastKnownFileType = "sourcecode.text-based-dylib-definition"; name = libsqlite3.0.tbd; path = usr/lib/libsqlite3.0.tbd; sourceTree = SDKROOT; };
		3557B30D1BCDADC3005A71B5 /* AdSupport.framework */ = {isa = PBXFileReference; lastKnownFileType = wrapper.framework; name = AdSupport.framework; path = System/Library/Frameworks/AdSupport.framework; sourceTree = SDKROOT; };
		357DE4141E940E1B00C11035 /* BaseTableViewController.h */ = {isa = PBXFileReference; fileEncoding = 4; lastKnownFileType = sourcecode.c.h; path = BaseTableViewController.h; sourceTree = "<group>"; };
		357DE4151E940E1B00C11035 /* BaseTableViewController.m */ = {isa = PBXFileReference; fileEncoding = 4; lastKnownFileType = sourcecode.c.objc; path = BaseTableViewController.m; sourceTree = "<group>"; };
		357DE4171E940E6100C11035 /* SplashViewController.h */ = {isa = PBXFileReference; fileEncoding = 4; lastKnownFileType = sourcecode.c.h; path = SplashViewController.h; sourceTree = "<group>"; };
		357DE4181E940E6100C11035 /* SplashViewController.m */ = {isa = PBXFileReference; fileEncoding = 4; lastKnownFileType = sourcecode.c.objc; path = SplashViewController.m; sourceTree = "<group>"; };
		357DE41A1E94108F00C11035 /* InFeedTableCell.xib */ = {isa = PBXFileReference; fileEncoding = 4; lastKnownFileType = file.xib; path = InFeedTableCell.xib; sourceTree = "<group>"; };
		357F97951E940C7400819391 /* InMobiNativeRebootIOS.app */ = {isa = PBXFileReference; explicitFileType = wrapper.application; includeInIndex = 0; path = InMobiNativeRebootIOS.app; sourceTree = BUILT_PRODUCTS_DIR; };
		35A44B5C1D466D57007889E3 /* Images.xcassets */ = {isa = PBXFileReference; lastKnownFileType = folder.assetcatalog; path = Images.xcassets; sourceTree = "<group>"; };
		35AD4D031EA6966700F2AEB7 /* PrerollViewController.h */ = {isa = PBXFileReference; fileEncoding = 4; lastKnownFileType = sourcecode.c.h; path = PrerollViewController.h; sourceTree = "<group>"; };
		35AD4D041EA6966700F2AEB7 /* PrerollViewController.m */ = {isa = PBXFileReference; fileEncoding = 4; lastKnownFileType = sourcecode.c.objc; path = PrerollViewController.m; sourceTree = "<group>"; };
		35BD7EA51D880C00002BCA2E /* WebKit.framework */ = {isa = PBXFileReference; lastKnownFileType = wrapper.framework; name = WebKit.framework; path = System/Library/Frameworks/WebKit.framework; sourceTree = SDKROOT; };
		D172C711228D68AB00766736 /* InMobiSDK.framework */ = {isa = PBXFileReference; lastKnownFileType = wrapper.framework; path = InMobiSDK.framework; sourceTree = "<group>"; };
		D17788781F56609B00A3761A /* BannerViewController.h */ = {isa = PBXFileReference; fileEncoding = 4; lastKnownFileType = sourcecode.c.h; path = BannerViewController.h; sourceTree = "<group>"; };
		D17788791F56609B00A3761A /* BannerViewController.m */ = {isa = PBXFileReference; fileEncoding = 4; lastKnownFileType = sourcecode.c.objc; path = BannerViewController.m; sourceTree = "<group>"; };
		D177887B1F566F6A00A3761A /* InterstitialViewController.h */ = {isa = PBXFileReference; fileEncoding = 4; lastKnownFileType = sourcecode.c.h; path = InterstitialViewController.h; sourceTree = "<group>"; };
		D177887C1F566F6A00A3761A /* InterstitialViewController.m */ = {isa = PBXFileReference; fileEncoding = 4; lastKnownFileType = sourcecode.c.objc; path = InterstitialViewController.m; sourceTree = "<group>"; };
		D19E47A22148CA3100B5AD72 /* InMobiNativeRebootIOS.entitlements */ = {isa = PBXFileReference; lastKnownFileType = text.plist.entitlements; path = InMobiNativeRebootIOS.entitlements; sourceTree = "<group>"; };
		D1AE6E8D224B2D4500B382E3 /* libxml2.tbd */ = {isa = PBXFileReference; lastKnownFileType = "sourcecode.text-based-dylib-definition"; name = libxml2.tbd; path = usr/lib/libxml2.tbd; sourceTree = SDKROOT; };
/* End PBXFileReference section */

/* Begin PBXFrameworksBuildPhase section */
		35366B811B4306CF002D32D1 /* Frameworks */ = {
			isa = PBXFrameworksBuildPhase;
			buildActionMask = 2147483647;
			files = (
				D1AE6E8E224B2D4500B382E3 /* libxml2.tbd in Frameworks */,
				35B4E79E1D88316E00F27AEF /* AdSupport.framework in Frameworks */,
				35BD7EA61D880C00002BCA2E /* WebKit.framework in Frameworks */,
				3557B30C1BCDADB9005A71B5 /* libz.tbd in Frameworks */,
				3557B30B1BCDADAC005A71B5 /* libsqlite3.0.tbd in Frameworks */,
				D172C712228D68AB00766736 /* InMobiSDK.framework in Frameworks */,
			);
			runOnlyForDeploymentPostprocessing = 0;
		};
/* End PBXFrameworksBuildPhase section */

/* Begin PBXGroup section */
		352CFA541EA7933500187184 /* Frameworks */ = {
			isa = PBXGroup;
			children = (
				D1AE6E8D224B2D4500B382E3 /* libxml2.tbd */,
			);
			name = Frameworks;
			sourceTree = "<group>";
		};
		35366B7B1B4306CF002D32D1 = {
			isa = PBXGroup;
			children = (
				D172C711228D68AB00766736 /* InMobiSDK.framework */,
				35BD7EA51D880C00002BCA2E /* WebKit.framework */,
				3557B30D1BCDADC3005A71B5 /* AdSupport.framework */,
				3557B30A1BCDADAC005A71B5 /* libsqlite3.0.tbd */,
				3557B3081BCDAD9D005A71B5 /* libz.tbd */,
				35366B861B4306CF002D32D1 /* InMobiNativeRebootIOS */,
				357F97951E940C7400819391 /* InMobiNativeRebootIOS.app */,
				352CFA541EA7933500187184 /* Frameworks */,
			);
			sourceTree = "<group>";
		};
		35366B861B4306CF002D32D1 /* InMobiNativeRebootIOS */ = {
			isa = PBXGroup;
			children = (
				D19E47A22148CA3100B5AD72 /* InMobiNativeRebootIOS.entitlements */,
				35A44B5C1D466D57007889E3 /* Images.xcassets */,
				3554C4D01D2BB53700AE6946 /* DataObjects */,
				3554C4B51D2A89F000AE6946 /* Experience */,
				35366BC91B430783002D32D1 /* Base.lproj */,
				35366B8B1B4306CF002D32D1 /* AppDelegate.h */,
				35366B8C1B4306CF002D32D1 /* AppDelegate.m */,
				35366B911B4306CF002D32D1 /* Main.storyboard */,
				35366B961B4306CF002D32D1 /* LaunchScreen.xib */,
				35366B871B4306CF002D32D1 /* Supporting Files */,
			);
			path = InMobiNativeRebootIOS;
			sourceTree = "<group>";
		};
		35366B871B4306CF002D32D1 /* Supporting Files */ = {
			isa = PBXGroup;
			children = (
				35366B881B4306CF002D32D1 /* Info.plist */,
				35366B891B4306CF002D32D1 /* main.m */,
			);
			name = "Supporting Files";
			sourceTree = "<group>";
		};
		3554C4B51D2A89F000AE6946 /* Experience */ = {
			isa = PBXGroup;
			children = (
				357DE4131E940DE200C11035 /* BaseViewController */,
				D17788791F56609B00A3761A /* BannerViewController.m */,
				D17788781F56609B00A3761A /* BannerViewController.h */,
				D177887B1F566F6A00A3761A /* InterstitialViewController.h */,
				D177887C1F566F6A00A3761A /* InterstitialViewController.m */,
				352596451D75953100AD6BBA /* InfeedViewController.h */,
				352596431D75953100AD6BBA /* InfeedViewController.m */,
				357DE4171E940E6100C11035 /* SplashViewController.h */,
				357DE4181E940E6100C11035 /* SplashViewController.m */,
				35AD4D031EA6966700F2AEB7 /* PrerollViewController.h */,
				35AD4D041EA6966700F2AEB7 /* PrerollViewController.m */,
				352CFA511EA7919100187184 /* UINavigationController+Orientation.h */,
				352CFA521EA7919100187184 /* UINavigationController+Orientation.m */,
			);
			name = Experience;
			sourceTree = "<group>";
		};
		3554C4D01D2BB53700AE6946 /* DataObjects */ = {
			isa = PBXGroup;
			children = (
				3554C4D11D2BB54A00AE6946 /* InFeedTableCell.h */,
				3554C4D21D2BB54A00AE6946 /* InFeedTableCell.m */,
				357DE41A1E94108F00C11035 /* InFeedTableCell.xib */,
				3554C4D31D2BB54A00AE6946 /* SampleData.h */,
				3554C4D41D2BB54A00AE6946 /* SampleData.m */,
			);
			name = DataObjects;
			sourceTree = "<group>";
		};
		357DE4131E940DE200C11035 /* BaseViewController */ = {
			isa = PBXGroup;
			children = (
				357DE4141E940E1B00C11035 /* BaseTableViewController.h */,
				357DE4151E940E1B00C11035 /* BaseTableViewController.m */,
			);
			name = BaseViewController;
			sourceTree = "<group>";
		};
/* End PBXGroup section */

/* Begin PBXNativeTarget section */
		35366B831B4306CF002D32D1 /* InMobiNativeRebootIOS */ = {
			isa = PBXNativeTarget;
			buildConfigurationList = 35366BA71B4306CF002D32D1 /* Build configuration list for PBXNativeTarget "InMobiNativeRebootIOS" */;
			buildPhases = (
				35366B801B4306CF002D32D1 /* Sources */,
				35366B811B4306CF002D32D1 /* Frameworks */,
				35366B821B4306CF002D32D1 /* Resources */,
			);
			buildRules = (
			);
			dependencies = (
			);
			name = InMobiNativeRebootIOS;
			productName = ToDoListApp;
			productReference = 357F97951E940C7400819391 /* InMobiNativeRebootIOS.app */;
			productType = "com.apple.product-type.application";
		};
/* End PBXNativeTarget section */

/* Begin PBXProject section */
		35366B7C1B4306CF002D32D1 /* Project object */ = {
			isa = PBXProject;
			attributes = {
				LastUpgradeCheck = 0800;
				ORGANIZATIONNAME = Inmobi;
				TargetAttributes = {
					35366B831B4306CF002D32D1 = {
						CreatedOnToolsVersion = 6.3.1;
						DevelopmentTeam = 343FM2JC8M;
						ProvisioningStyle = Automatic;
						SystemCapabilities = {
							com.apple.NetworkExtensions.iOS = {
								enabled = 0;
							};
							com.apple.SafariKeychain = {
								enabled = 0;
							};
						};
					};
				};
			};
			buildConfigurationList = 35366B7F1B4306CF002D32D1 /* Build configuration list for PBXProject "InMobiNativeRebootIOS" */;
			compatibilityVersion = "Xcode 3.2";
			developmentRegion = English;
			hasScannedForEncodings = 0;
			knownRegions = (
				English,
				en,
				Base,
			);
			mainGroup = 35366B7B1B4306CF002D32D1;
			productRefGroup = 35366B7B1B4306CF002D32D1;
			projectDirPath = "";
			projectRoot = "";
			targets = (
				35366B831B4306CF002D32D1 /* InMobiNativeRebootIOS */,
			);
		};
/* End PBXProject section */

/* Begin PBXResourcesBuildPhase section */
		35366B821B4306CF002D32D1 /* Resources */ = {
			isa = PBXResourcesBuildPhase;
			buildActionMask = 2147483647;
			files = (
				35F42B811E9436EE00865D29 /* InFeedTableCell.xib in Resources */,
				35366B931B4306CF002D32D1 /* Main.storyboard in Resources */,
				35A44B5D1D466D57007889E3 /* Images.xcassets in Resources */,
				35366B981B4306CF002D32D1 /* LaunchScreen.xib in Resources */,
				35366BD91B430783002D32D1 /* Base.lproj in Resources */,
			);
			runOnlyForDeploymentPostprocessing = 0;
		};
/* End PBXResourcesBuildPhase section */

/* Begin PBXSourcesBuildPhase section */
		35366B801B4306CF002D32D1 /* Sources */ = {
			isa = PBXSourcesBuildPhase;
			buildActionMask = 2147483647;
			files = (
				357DE41C1E942F1C00C11035 /* SplashViewController.m in Sources */,
				352CFA531EA7919100187184 /* UINavigationController+Orientation.m in Sources */,
				35AD4D051EA6966700F2AEB7 /* PrerollViewController.m in Sources */,
				352596461D75953100AD6BBA /* InfeedViewController.m in Sources */,
				D177887A1F56609B00A3761A /* BannerViewController.m in Sources */,
				35366B8D1B4306CF002D32D1 /* AppDelegate.m in Sources */,
				3554C4D51D2BB54A00AE6946 /* InFeedTableCell.m in Sources */,
				35366B8A1B4306CF002D32D1 /* main.m in Sources */,
				D177887D1F566F6A00A3761A /* InterstitialViewController.m in Sources */,
				357DE4161E940E1B00C11035 /* BaseTableViewController.m in Sources */,
				3554C4D61D2BB54A00AE6946 /* SampleData.m in Sources */,
			);
			runOnlyForDeploymentPostprocessing = 0;
		};
/* End PBXSourcesBuildPhase section */

/* Begin PBXVariantGroup section */
		35366B911B4306CF002D32D1 /* Main.storyboard */ = {
			isa = PBXVariantGroup;
			children = (
				35366B921B4306CF002D32D1 /* Base */,
			);
			name = Main.storyboard;
			sourceTree = "<group>";
		};
		35366B961B4306CF002D32D1 /* LaunchScreen.xib */ = {
			isa = PBXVariantGroup;
			children = (
				35366B971B4306CF002D32D1 /* Base */,
			);
			name = LaunchScreen.xib;
			sourceTree = "<group>";
		};
/* End PBXVariantGroup section */

/* Begin XCBuildConfiguration section */
		35366BA51B4306CF002D32D1 /* Debug */ = {
			isa = XCBuildConfiguration;
			buildSettings = {
				ALWAYS_SEARCH_USER_PATHS = NO;
				CLANG_CXX_LANGUAGE_STANDARD = "gnu++0x";
				CLANG_CXX_LIBRARY = "libc++";
				CLANG_ENABLE_MODULES = YES;
				CLANG_ENABLE_OBJC_ARC = YES;
				CLANG_WARN_BOOL_CONVERSION = YES;
				CLANG_WARN_CONSTANT_CONVERSION = YES;
				CLANG_WARN_DIRECT_OBJC_ISA_USAGE = YES_ERROR;
				CLANG_WARN_EMPTY_BODY = YES;
				CLANG_WARN_ENUM_CONVERSION = YES;
				CLANG_WARN_INFINITE_RECURSION = YES;
				CLANG_WARN_INT_CONVERSION = YES;
				CLANG_WARN_OBJC_ROOT_CLASS = YES_ERROR;
				CLANG_WARN_SUSPICIOUS_MOVE = YES;
				CLANG_WARN_UNREACHABLE_CODE = YES;
				CLANG_WARN__DUPLICATE_METHOD_MATCH = YES;
				CODE_SIGN_IDENTITY = "iPhone Distribution: mkhoj Solutions Private Limited";
				"CODE_SIGN_IDENTITY[sdk=iphoneos*]" = "iPhone Developer: Ankit Mittal (8L57UJ6782)";
				COPY_PHASE_STRIP = NO;
				DEBUG_INFORMATION_FORMAT = "dwarf-with-dsym";
				ENABLE_BITCODE = NO;
				ENABLE_STRICT_OBJC_MSGSEND = YES;
				ENABLE_TESTABILITY = YES;
				GCC_C_LANGUAGE_STANDARD = gnu99;
				GCC_DYNAMIC_NO_PIC = NO;
				GCC_NO_COMMON_BLOCKS = YES;
				GCC_OPTIMIZATION_LEVEL = 0;
				GCC_PREPROCESSOR_DEFINITIONS = (
					"DEBUG=1",
					"$(inherited)",
				);
				GCC_SYMBOLS_PRIVATE_EXTERN = NO;
				GCC_WARN_64_TO_32_BIT_CONVERSION = YES;
				GCC_WARN_ABOUT_RETURN_TYPE = YES_ERROR;
				GCC_WARN_UNDECLARED_SELECTOR = YES;
				GCC_WARN_UNINITIALIZED_AUTOS = YES_AGGRESSIVE;
				GCC_WARN_UNUSED_FUNCTION = YES;
				GCC_WARN_UNUSED_VARIABLE = YES;
				IPHONEOS_DEPLOYMENT_TARGET = 8.0;
				MTL_ENABLE_DEBUG_INFO = YES;
				ONLY_ACTIVE_ARCH = YES;
				SDKROOT = iphoneos;
			};
			name = Debug;
		};
		35366BA61B4306CF002D32D1 /* Release */ = {
			isa = XCBuildConfiguration;
			buildSettings = {
				ALWAYS_SEARCH_USER_PATHS = NO;
				CLANG_CXX_LANGUAGE_STANDARD = "gnu++0x";
				CLANG_CXX_LIBRARY = "libc++";
				CLANG_ENABLE_MODULES = YES;
				CLANG_ENABLE_OBJC_ARC = YES;
				CLANG_WARN_BOOL_CONVERSION = YES;
				CLANG_WARN_CONSTANT_CONVERSION = YES;
				CLANG_WARN_DIRECT_OBJC_ISA_USAGE = YES_ERROR;
				CLANG_WARN_EMPTY_BODY = YES;
				CLANG_WARN_ENUM_CONVERSION = YES;
				CLANG_WARN_INFINITE_RECURSION = YES;
				CLANG_WARN_INT_CONVERSION = YES;
				CLANG_WARN_OBJC_ROOT_CLASS = YES_ERROR;
				CLANG_WARN_SUSPICIOUS_MOVE = YES;
				CLANG_WARN_UNREACHABLE_CODE = YES;
				CLANG_WARN__DUPLICATE_METHOD_MATCH = YES;
				CODE_SIGN_IDENTITY = "iPhone Distribution: mkhoj Solutions Private Limited";
				"CODE_SIGN_IDENTITY[sdk=iphoneos*]" = "iPhone Distribution: mkhoj Solutions Private Limited";
				COPY_PHASE_STRIP = NO;
				DEBUG_INFORMATION_FORMAT = "dwarf-with-dsym";
				ENABLE_BITCODE = NO;
				ENABLE_NS_ASSERTIONS = NO;
				ENABLE_STRICT_OBJC_MSGSEND = YES;
				GCC_C_LANGUAGE_STANDARD = gnu99;
				GCC_NO_COMMON_BLOCKS = YES;
				GCC_WARN_64_TO_32_BIT_CONVERSION = YES;
				GCC_WARN_ABOUT_RETURN_TYPE = YES_ERROR;
				GCC_WARN_UNDECLARED_SELECTOR = YES;
				GCC_WARN_UNINITIALIZED_AUTOS = YES_AGGRESSIVE;
				GCC_WARN_UNUSED_FUNCTION = YES;
				GCC_WARN_UNUSED_VARIABLE = YES;
				IPHONEOS_DEPLOYMENT_TARGET = 8.0;
				MTL_ENABLE_DEBUG_INFO = NO;
				SDKROOT = iphoneos;
				VALIDATE_PRODUCT = YES;
			};
			name = Release;
		};
		35366BA81B4306CF002D32D1 /* Debug */ = {
			isa = XCBuildConfiguration;
			buildSettings = {
				ASSETCATALOG_COMPILER_APPICON_NAME = AppIcon;
				CODE_SIGN_IDENTITY = "iPhone Developer: psochinainmobi@163.com (2HH9HZV4AR)";
				"CODE_SIGN_IDENTITY[sdk=iphoneos*]" = "iPhone Developer";
				CODE_SIGN_STYLE = Automatic;
				DEVELOPMENT_TEAM = 343FM2JC8M;
				ENABLE_BITCODE = NO;
				FRAMEWORK_SEARCH_PATHS = (
					"$(inherited)",
					"$(PROJECT_DIR)",
				);
				INFOPLIST_FILE = "$(SRCROOT)/InMobiNativeRebootIOS/Info.plist";
				IPHONEOS_DEPLOYMENT_TARGET = 9.0;
				LD_RUNPATH_SEARCH_PATHS = "$(inherited) @executable_path/Frameworks";
				LIBRARY_SEARCH_PATHS = "$(inherited)";
				ONLY_ACTIVE_ARCH = NO;
				OTHER_LDFLAGS = "-ObjC";
				PRODUCT_BUNDLE_IDENTIFIER = com.ubercab.UberClient;
				PRODUCT_NAME = "$(TARGET_NAME)";
				PROVISIONING_PROFILE = "";
				PROVISIONING_PROFILE_SPECIFIER = "";
				TARGETED_DEVICE_FAMILY = "1,2";
				VALIDATE_PRODUCT = YES;
			};
			name = Debug;
		};
		35366BA91B4306CF002D32D1 /* Release */ = {
			isa = XCBuildConfiguration;
			buildSettings = {
				ASSETCATALOG_COMPILER_APPICON_NAME = AppIcon;
				CODE_SIGN_IDENTITY = "iPhone Developer: psochinainmobi@163.com (2HH9HZV4AR)";
				"CODE_SIGN_IDENTITY[sdk=iphoneos*]" = "iPhone Developer";
				CODE_SIGN_STYLE = Automatic;
				DEVELOPMENT_TEAM = 343FM2JC8M;
				ENABLE_BITCODE = NO;
				FRAMEWORK_SEARCH_PATHS = (
					"$(inherited)",
					"$(PROJECT_DIR)",
				);
				INFOPLIST_FILE = "$(SRCROOT)/InMobiNativeRebootIOS/Info.plist";
				IPHONEOS_DEPLOYMENT_TARGET = 9.0;
				LD_RUNPATH_SEARCH_PATHS = "$(inherited) @executable_path/Frameworks";
				LIBRARY_SEARCH_PATHS = "$(inherited)";
				ONLY_ACTIVE_ARCH = NO;
				OTHER_LDFLAGS = "-ObjC";
				PRODUCT_BUNDLE_IDENTIFIER = com.ubercab.UberClient;
				PRODUCT_NAME = "$(TARGET_NAME)";
				PROVISIONING_PROFILE = "";
				PROVISIONING_PROFILE_SPECIFIER = "";
				TARGETED_DEVICE_FAMILY = "1,2";
			};
			name = Release;
		};
/* End XCBuildConfiguration section */

/* Begin XCConfigurationList section */
		35366B7F1B4306CF002D32D1 /* Build configuration list for PBXProject "InMobiNativeRebootIOS" */ = {
			isa = XCConfigurationList;
			buildConfigurations = (
				35366BA51B4306CF002D32D1 /* Debug */,
				35366BA61B4306CF002D32D1 /* Release */,
			);
			defaultConfigurationIsVisible = 0;
			defaultConfigurationName = Release;
		};
		35366BA71B4306CF002D32D1 /* Build configuration list for PBXNativeTarget "InMobiNativeRebootIOS" */ = {
			isa = XCConfigurationList;
			buildConfigurations = (
				35366BA81B4306CF002D32D1 /* Debug */,
				35366BA91B4306CF002D32D1 /* Release */,
			);
			defaultConfigurationIsVisible = 0;
			defaultConfigurationName = Release;
		};
/* End XCConfigurationList section */
	};
	rootObject = 35366B7C1B4306CF002D32D1 /* Project object */;
}
